
Microsoft Visual Studio Solution File, Format Version 12.00
# Visual Studio 15
VisualStudioVersion = 15.0.28307.1705
MinimumVisualStudioVersion = 10.0.40219.1
Project("{FAE04EC0-301F-11D3-BF4B-00C04F79EFBC}") = "Calculator", "Calculator\Calculator.csproj", "{74256268-CBE8-4B51-AFD5-45A745C9F3AE}"
EndProject
Global
	GlobalSection(SolutionConfigurationPlatforms) = preSolution
		Debug|Any CPU = Debug|Any CPU
		Release|Any CPU = Release|Any CPU
	EndGlobalSection
	GlobalSection(ProjectConfigurationPlatforms) = postSolution
		{74256268-CBE8-4B51-AFD5-45A745C9F3AE}.Debug|Any CPU.ActiveCfg = Debug|Any CPU
		{74256268-CBE8-4B51-AFD5-45A745C9F3AE}.Debug|Any CPU.Build.0 = Debug|Any CPU
		{74256268-CBE8-4B51-AFD5-45A745C9F3AE}.Release|Any CPU.ActiveCfg = Release|Any CPU
		{74256268-CBE8-4B51-AFD5-45A745C9F3AE}.Release|Any CPU.Build.0 = Release|Any CPU
	EndGlobalSection
	GlobalSection(SolutionProperties) = preSolution
		HideSolutionNode = FALSE
	EndGlobalSection
	GlobalSection(ExtensibilityGlobals) = postSolution
		SolutionGuid = {46CBD600-3D7B-4570-9D88-7131A51BE214}
	EndGlobalSection
EndGlobal
